<?xml version="1.0" encoding="utf-8"?>
<Project ToolsVersion="4.0" xmlns="http://schemas.microsoft.com/developer/msbuild/2003">
  <ItemGroup>
    <Filter Include="Source Files">
      <UniqueIdentifier>{4FC737F1-C7A5-4376-A066-2A32D752A2FF}</UniqueIdentifier>
      <Extensions>cpp;c;cc;cxx;c++;cppm;ixx;def;odl;idl;hpj;bat;asm;asmx</Extensions>
    </Filter>
    <Filter Include="Header Files">
      <UniqueIdentifier>{93995380-89BD-4b04-88EB-625FBE52EBFB}</UniqueIdentifier>
      <Extensions>h;hh;hpp;hxx;h++;hm;inl;inc;ipp;xsd</Extensions>
    </Filter>
    <Filter Include="Resource Files">
      <UniqueIdentifier>{67DA6AB6-F800-4c08-8B7A-83BB121AAD01}</UniqueIdentifier>
      <Extensions>rc;ico;cur;bmp;dlg;rc2;rct;bin;rgs;gif;jpg;jpeg;jpe;resx;tiff;tif;png;wav;mfcribbon-ms</Extensions>
    </Filter>
    <Filter Include="Source Files\midl-x86">
      <UniqueIdentifier>{2d6b8fd2-8eab-4054-bfdd-39ae61348405}</UniqueIdentifier>
    </Filter>
    <Filter Include="Source Files\midl-x64">
      <UniqueIdentifier>{19c2f232-bb54-46a9-84ea-6f51a27a198b}</UniqueIdentifier>
    </Filter>
    <Filter Include="Header Files\midl-x86">
      <UniqueIdentifier>{c56497d5-f034-4577-85fb-5f41f7c56a9b}</UniqueIdentifier>
    </Filter>
    <Filter Include="Header Files\midl-x64">
      <UniqueIdentifier>{88d7a636-8eb2-4231-834b-8ae2fbe71a8c}</UniqueIdentifier>
    </Filter>
  </ItemGroup>
  <ItemGroup>
    <ClInclude Include="resource.h">
      <Filter>Header Files</Filter>
    </ClInclude>
    <ClInclude Include="midl-x86\pwrmgr_h.h">
      <Filter>Header Files\midl-x86</Filter>
    </ClInclude>
    <ClInclude Include="midl-x64\pwrmgr_h.h">
      <Filter>Header Files\midl-x64</Filter>
    </ClInclude>
    <ClInclude Include="powermanager.h">
      <Filter>Header Files</Filter>
    </ClInclude>
    <ClInclude Include="dialog.h">
      <Filter>Header Files</Filter>
    </ClInclude>
    <ClInclude Include="version.h">
      <Filter>Header Files</Filter>
    </ClInclude>
    <ClInclude Include="thresholdsdialog.h">
      <Filter>Header Files</Filter>
    </ClInclude>
    <ClInclude Include="usbdialog.h">
      <Filter>Header Files</Filter>
    </ClInclude>
    <ClInclude Include="booldialog.h">
      <Filter>Header Files</Filter>
    </ClInclude>
  </ItemGroup>
  <ItemGroup>
    <ResourceCompile Include="LenPwrCtl.rc">
      <Filter>Resource Files</Filter>
    </ResourceCompile>
  </ItemGroup>
  <ItemGroup>
    <ClCompile Include="main.c">
      <Filter>Source Files</Filter>
    </ClCompile>
    <ClCompile Include="midl-x86\pwrmgr_c.c">
      <Filter>Source Files\midl-x86</Filter>
    </ClCompile>
    <ClCompile Include="midl-x64\pwrmgr_c.c">
      <Filter>Source Files\midl-x64</Filter>
    </ClCompile>
    <ClCompile Include="powermanager.c">
      <Filter>Source Files</Filter>
    </ClCompile>
    <ClCompile Include="dialog.c">
      <Filter>Source Files</Filter>
    </ClCompile>
    <ClCompile Include="thresholdsdialog.c">
      <Filter>Source Files</Filter>
    </ClCompile>
    <ClCompile Include="usbdialog.c">
      <Filter>Source Files</Filter>
    </ClCompile>
    <ClCompile Include="booldialog.c">
      <Filter>Source Files</Filter>
    </ClCompile>
  </ItemGroup>
  <ItemGroup>
    <Midl Include="pwrmgr.idl">
      <Filter>Source Files</Filter>
    </Midl>
  </ItemGroup>
  <ItemGroup>
    <Manifest Include="LenPwrCtl.manifest">
      <Filter>Source Files</Filter>
    </Manifest>
  </ItemGroup>
</Project>